
Microsoft Visual Studio Solution File, Format Version 12.00
# Visual Studio 2012
Project("{FAE04EC0-301F-11D3-BF4B-00C04F79EFBC}") = "MyPrism.Calculator", "MyPrism.Calculator\MyPrism.Calculator.csproj", "{4C6E7AD7-9B41-4CE1-A8AF-25F7B080FA76}"
	ProjectSection(ProjectDependencies) = postProject
		{82D53C1F-1F6F-42B8-AF02-60356E5C8EED} = {82D53C1F-1F6F-42B8-AF02-60356E5C8EED}
		{3FD1E5EB-48A8-46D4-9149-B6AA692F4926} = {3FD1E5EB-48A8-46D4-9149-B6AA692F4926}
	EndProjectSection
EndProject
Project("{FAE04EC0-301F-11D3-BF4B-00C04F79EFBC}") = "MyPrism.Interfaces", "MyPrism.Interfaces\MyPrism.Interfaces.csproj", "{400A4AE9-0CBD-4ED5-9EEC-77DA3537058B}"
EndProject
Project("{FAE04EC0-301F-11D3-BF4B-00C04F79EFBC}") = "IOLibrary", "IOLibrary\IOLibrary.csproj", "{3FD1E5EB-48A8-46D4-9149-B6AA692F4926}"
EndProject
Project("{FAE04EC0-301F-11D3-BF4B-00C04F79EFBC}") = "Calculator", "Calculator\Calculator.csproj", "{82D53C1F-1F6F-42B8-AF02-60356E5C8EED}"
EndProject
Project("{2150E333-8FDC-42A3-9474-1A3956D46DE8}") = ".nuget", ".nuget", "{674E147D-8250-413D-860B-B2AB4877108F}"
	ProjectSection(SolutionItems) = preProject
		.nuget\NuGet.Config = .nuget\NuGet.Config
		.nuget\NuGet.exe = .nuget\NuGet.exe
		.nuget\NuGet.targets = .nuget\NuGet.targets
	EndProjectSection
EndProject
Global
	GlobalSection(SolutionConfigurationPlatforms) = preSolution
		Debug|Any CPU = Debug|Any CPU
		Release|Any CPU = Release|Any CPU
	EndGlobalSection
	GlobalSection(ProjectConfigurationPlatforms) = postSolution
		{4C6E7AD7-9B41-4CE1-A8AF-25F7B080FA76}.Debug|Any CPU.ActiveCfg = Debug|Any CPU
		{4C6E7AD7-9B41-4CE1-A8AF-25F7B080FA76}.Debug|Any CPU.Build.0 = Debug|Any CPU
		{4C6E7AD7-9B41-4CE1-A8AF-25F7B080FA76}.Release|Any CPU.ActiveCfg = Release|Any CPU
		{4C6E7AD7-9B41-4CE1-A8AF-25F7B080FA76}.Release|Any CPU.Build.0 = Release|Any CPU
		{400A4AE9-0CBD-4ED5-9EEC-77DA3537058B}.Debug|Any CPU.ActiveCfg = Debug|Any CPU
		{400A4AE9-0CBD-4ED5-9EEC-77DA3537058B}.Debug|Any CPU.Build.0 = Debug|Any CPU
		{400A4AE9-0CBD-4ED5-9EEC-77DA3537058B}.Release|Any CPU.ActiveCfg = Release|Any CPU
		{400A4AE9-0CBD-4ED5-9EEC-77DA3537058B}.Release|Any CPU.Build.0 = Release|Any CPU
		{3FD1E5EB-48A8-46D4-9149-B6AA692F4926}.Debug|Any CPU.ActiveCfg = Debug|Any CPU
		{3FD1E5EB-48A8-46D4-9149-B6AA692F4926}.Debug|Any CPU.Build.0 = Debug|Any CPU
		{3FD1E5EB-48A8-46D4-9149-B6AA692F4926}.Release|Any CPU.ActiveCfg = Release|Any CPU
		{3FD1E5EB-48A8-46D4-9149-B6AA692F4926}.Release|Any CPU.Build.0 = Release|Any CPU
		{82D53C1F-1F6F-42B8-AF02-60356E5C8EED}.Debug|Any CPU.ActiveCfg = Debug|Any CPU
		{82D53C1F-1F6F-42B8-AF02-60356E5C8EED}.Debug|Any CPU.Build.0 = Debug|Any CPU
		{82D53C1F-1F6F-42B8-AF02-60356E5C8EED}.Release|Any CPU.ActiveCfg = Release|Any CPU
		{82D53C1F-1F6F-42B8-AF02-60356E5C8EED}.Release|Any CPU.Build.0 = Release|Any CPU
	EndGlobalSection
	GlobalSection(SolutionProperties) = preSolution
		HideSolutionNode = FALSE
	EndGlobalSection
EndGlobal
